
Microsoft Visual Studio Solution File, Format Version 12.00
# Visual Studio 15
VisualStudioVersion = 15.0.28307.489
MinimumVisualStudioVersion = 10.0.40219.1
Project("{FAE04EC0-301F-11D3-BF4B-00C04F79EFBC}") = "UsersAwards.PL", "10.WEB UI\UsersAwards.PL.csproj", "{A2A54FF8-CA2B-4D9D-A281-AB1FCA6B610A}"
EndProject
Project("{2150E333-8FDC-42A3-9474-1A3956D46DE8}") = "PL", "PL", "{13DDBBA2-C6C8-4BDB-BB08-13A8945864B1}"
EndProject
Project("{2150E333-8FDC-42A3-9474-1A3956D46DE8}") = "BLL", "BLL", "{B11096D1-A737-46BF-8E58-3BC39B48E6DB}"
EndProject
Project("{2150E333-8FDC-42A3-9474-1A3956D46DE8}") = "DAL", "DAL", "{AD201EE5-0C7F-4CA9-8BDC-6679ED564647}"
EndProject
Project("{2150E333-8FDC-42A3-9474-1A3956D46DE8}") = "Common", "Common", "{B31DEB6A-5AE2-4E62-A553-179ECB0963B1}"
EndProject
Project("{FAE04EC0-301F-11D3-BF4B-00C04F79EFBC}") = "Awards.BLL", "Awards.BLL\Awards.BLL.csproj", "{525D7802-E932-432C-A47A-D1B2CB1C831C}"
EndProject
Project("{FAE04EC0-301F-11D3-BF4B-00C04F79EFBC}") = "Users.BLL", "Users.BLL\Users.BLL.csproj", "{581C982E-D72A-4804-9D1D-743D29C7C115}"
EndProject
Project("{FAE04EC0-301F-11D3-BF4B-00C04F79EFBC}") = "Users.DAL", "Users.DAL\Users.DAL.csproj", "{FFA30736-1315-4F8B-8880-13106F8EDFD0}"
EndProject
Project("{FAE04EC0-301F-11D3-BF4B-00C04F79EFBC}") = "Entities", "Entities\Entities.csproj", "{CC099F8C-4255-4F3B-9940-AB7DA19F6E46}"
EndProject
Project("{FAE04EC0-301F-11D3-BF4B-00C04F79EFBC}") = "UsersAndAwards.Common", "Dependensies\UsersAndAwards.Common.csproj", "{E40B989E-47B6-483E-BC08-4FCEF3900E96}"
EndProject
Project("{2150E333-8FDC-42A3-9474-1A3956D46DE8}") = "Web Pages", "Web Pages", "{780B969D-540E-4E73-AD07-9A9F20217F69}"
EndProject
Project("{FAE04EC0-301F-11D3-BF4B-00C04F79EFBC}") = "Web.PL", "Web.PL\Web.PL.csproj", "{F7DECFD2-AA50-4255-9534-137695FC0669}"
EndProject
Global
	GlobalSection(SolutionConfigurationPlatforms) = preSolution
		Debug|Any CPU = Debug|Any CPU
		Release|Any CPU = Release|Any CPU
	EndGlobalSection
	GlobalSection(ProjectConfigurationPlatforms) = postSolution
		{A2A54FF8-CA2B-4D9D-A281-AB1FCA6B610A}.Debug|Any CPU.ActiveCfg = Debug|Any CPU
		{A2A54FF8-CA2B-4D9D-A281-AB1FCA6B610A}.Debug|Any CPU.Build.0 = Debug|Any CPU
		{A2A54FF8-CA2B-4D9D-A281-AB1FCA6B610A}.Release|Any CPU.ActiveCfg = Release|Any CPU
		{A2A54FF8-CA2B-4D9D-A281-AB1FCA6B610A}.Release|Any CPU.Build.0 = Release|Any CPU
		{525D7802-E932-432C-A47A-D1B2CB1C831C}.Debug|Any CPU.ActiveCfg = Debug|Any CPU
		{525D7802-E932-432C-A47A-D1B2CB1C831C}.Debug|Any CPU.Build.0 = Debug|Any CPU
		{525D7802-E932-432C-A47A-D1B2CB1C831C}.Release|Any CPU.ActiveCfg = Release|Any CPU
		{525D7802-E932-432C-A47A-D1B2CB1C831C}.Release|Any CPU.Build.0 = Release|Any CPU
		{581C982E-D72A-4804-9D1D-743D29C7C115}.Debug|Any CPU.ActiveCfg = Debug|Any CPU
		{581C982E-D72A-4804-9D1D-743D29C7C115}.Debug|Any CPU.Build.0 = Debug|Any CPU
		{581C982E-D72A-4804-9D1D-743D29C7C115}.Release|Any CPU.ActiveCfg = Release|Any CPU
		{581C982E-D72A-4804-9D1D-743D29C7C115}.Release|Any CPU.Build.0 = Release|Any CPU
		{FFA30736-1315-4F8B-8880-13106F8EDFD0}.Debug|Any CPU.ActiveCfg = Debug|Any CPU
		{FFA30736-1315-4F8B-8880-13106F8EDFD0}.Debug|Any CPU.Build.0 = Debug|Any CPU
		{FFA30736-1315-4F8B-8880-13106F8EDFD0}.Release|Any CPU.ActiveCfg = Release|Any CPU
		{FFA30736-1315-4F8B-8880-13106F8EDFD0}.Release|Any CPU.Build.0 = Release|Any CPU
		{CC099F8C-4255-4F3B-9940-AB7DA19F6E46}.Debug|Any CPU.ActiveCfg = Debug|Any CPU
		{CC099F8C-4255-4F3B-9940-AB7DA19F6E46}.Debug|Any CPU.Build.0 = Debug|Any CPU
		{CC099F8C-4255-4F3B-9940-AB7DA19F6E46}.Release|Any CPU.ActiveCfg = Release|Any CPU
		{CC099F8C-4255-4F3B-9940-AB7DA19F6E46}.Release|Any CPU.Build.0 = Release|Any CPU
		{E40B989E-47B6-483E-BC08-4FCEF3900E96}.Debug|Any CPU.ActiveCfg = Debug|Any CPU
		{E40B989E-47B6-483E-BC08-4FCEF3900E96}.Debug|Any CPU.Build.0 = Debug|Any CPU
		{E40B989E-47B6-483E-BC08-4FCEF3900E96}.Release|Any CPU.ActiveCfg = Release|Any CPU
		{E40B989E-47B6-483E-BC08-4FCEF3900E96}.Release|Any CPU.Build.0 = Release|Any CPU
		{F7DECFD2-AA50-4255-9534-137695FC0669}.Debug|Any CPU.ActiveCfg = Debug|Any CPU
		{F7DECFD2-AA50-4255-9534-137695FC0669}.Debug|Any CPU.Build.0 = Debug|Any CPU
		{F7DECFD2-AA50-4255-9534-137695FC0669}.Release|Any CPU.ActiveCfg = Release|Any CPU
		{F7DECFD2-AA50-4255-9534-137695FC0669}.Release|Any CPU.Build.0 = Release|Any CPU
	EndGlobalSection
	GlobalSection(SolutionProperties) = preSolution
		HideSolutionNode = FALSE
	EndGlobalSection
	GlobalSection(NestedProjects) = preSolution
		{A2A54FF8-CA2B-4D9D-A281-AB1FCA6B610A} = {13DDBBA2-C6C8-4BDB-BB08-13A8945864B1}
		{525D7802-E932-432C-A47A-D1B2CB1C831C} = {B11096D1-A737-46BF-8E58-3BC39B48E6DB}
		{581C982E-D72A-4804-9D1D-743D29C7C115} = {B11096D1-A737-46BF-8E58-3BC39B48E6DB}
		{FFA30736-1315-4F8B-8880-13106F8EDFD0} = {AD201EE5-0C7F-4CA9-8BDC-6679ED564647}
		{CC099F8C-4255-4F3B-9940-AB7DA19F6E46} = {B31DEB6A-5AE2-4E62-A553-179ECB0963B1}
		{E40B989E-47B6-483E-BC08-4FCEF3900E96} = {B31DEB6A-5AE2-4E62-A553-179ECB0963B1}
		{F7DECFD2-AA50-4255-9534-137695FC0669} = {780B969D-540E-4E73-AD07-9A9F20217F69}
	EndGlobalSection
	GlobalSection(ExtensibilityGlobals) = postSolution
		SolutionGuid = {C8E70B01-21DE-4E3F-8963-A2D7F32D1587}
	EndGlobalSection
EndGlobal
